PODS:
  - Birdsong (0.5.4):
    - Starscream (= 2.1.1)
  - Starscream (2.1.1)

DEPENDENCIES:
  - Birdsong (from `../`)

SPEC REPOS:
  https://github.com/cocoapods/specs.git:
    - Starscream

EXTERNAL SOURCES:
  Birdsong:
    :path: "../"

SPEC CHECKSUMS:
  Birdsong: cbe605abc4809393d8c7db67344334654d526002
  Starscream: 142bd8ef24592d985daee9fa48c936070b85b15f

PODFILE CHECKSUM: fd31310a2947ba719ecd745ba9c1838097125604

COCOAPODS: 1.5.3
