PODS:
  - Birdsong (0.2.1):
    - Starscream (~> 1.1)
  - Starscream (1.1.3)

DEPENDENCIES:
  - Birdsong (from `../`)
  - Starscream (from `https://github.com/daltoniam/Starscream.git`, branch `swift3`)

EXTERNAL SOURCES:
  Birdsong:
    :path: "../"
  Starscream:
    :branch: swift3
    :git: https://github.com/daltoniam/Starscream.git

CHECKOUT OPTIONS:
  Starscream:
    :commit: b1472f2a99a747ffda35c43ac4eb58b73c59722a
    :git: https://github.com/daltoniam/Starscream.git

SPEC CHECKSUMS:
  Birdsong: e30ae1dd9b9e9314805c5776aa619c6bedfce21c
  Starscream: d662732354b40dd19ed1ece3e3c44c80b536b83c

PODFILE CHECKSUM: f4c49243b1a1b6be6f19f73f7f80fc16fb2d7d70

COCOAPODS: 1.0.1
