PODS:
  - Birdsong (0.2.2):
    - Starscream (= 1.1.1)
  - Starscream (1.1.1)

DEPENDENCIES:
  - Birdsong (from `../`)

EXTERNAL SOURCES:
  Birdsong:
    :path: "../"

SPEC CHECKSUMS:
  Birdsong: 51c754d2ba0e450bd3fc57edfdde65283875d5c7
  Starscream: d74dd8d122a6abd244d8d5e51f32891c796d0827

PODFILE CHECKSUM: 6ec599b355ecb57eae5bb4829391de34a5eb8370

COCOAPODS: 1.0.1
